
Microsoft Visual Studio Solution File, Format Version 12.00
# Visual Studio Version 16
VisualStudioVersion = 16.0.30804.86
MinimumVisualStudioVersion = 10.0.40219.1
Project("{9A19103F-16F7-4668-BE54-9A1E7A4F7556}") = "ServerGrpcService", "ServerGrpcService\ServerGrpcService.csproj", "{EFBB7247-1F58-4E77-894F-0A41733812DD}"
EndProject
Project("{9A19103F-16F7-4668-BE54-9A1E7A4F7556}") = "ClientRazorPages", "ClientRazorPages\ClientRazorPages.csproj", "{665C1633-456C-4DE5-8234-DCF22BF69F38}"
EndProject
Project("{FAE04EC0-301F-11D3-BF4B-00C04F79EFBC}") = "DemoEFCoreforms", "DemoEFCoreforms\DemoEFCoreforms.csproj", "{239F5DD9-3CB7-4549-AD3E-3D85FA9CF6B4}"
EndProject
Project("{FAE04EC0-301F-11D3-BF4B-00C04F79EFBC}") = "AngularCli_Demo", "AngularCli_Demo\AngularCli_Demo.csproj", "{A81473BF-22E9-41E4-B808-F35C23DCB3A1}"
EndProject
Global
	GlobalSection(SolutionConfigurationPlatforms) = preSolution
		Debug|Any CPU = Debug|Any CPU
		Release|Any CPU = Release|Any CPU
	EndGlobalSection
	GlobalSection(ProjectConfigurationPlatforms) = postSolution
		{EFBB7247-1F58-4E77-894F-0A41733812DD}.Debug|Any CPU.ActiveCfg = Debug|Any CPU
		{EFBB7247-1F58-4E77-894F-0A41733812DD}.Debug|Any CPU.Build.0 = Debug|Any CPU
		{EFBB7247-1F58-4E77-894F-0A41733812DD}.Release|Any CPU.ActiveCfg = Release|Any CPU
		{EFBB7247-1F58-4E77-894F-0A41733812DD}.Release|Any CPU.Build.0 = Release|Any CPU
		{665C1633-456C-4DE5-8234-DCF22BF69F38}.Debug|Any CPU.ActiveCfg = Debug|Any CPU
		{665C1633-456C-4DE5-8234-DCF22BF69F38}.Debug|Any CPU.Build.0 = Debug|Any CPU
		{665C1633-456C-4DE5-8234-DCF22BF69F38}.Release|Any CPU.ActiveCfg = Release|Any CPU
		{665C1633-456C-4DE5-8234-DCF22BF69F38}.Release|Any CPU.Build.0 = Release|Any CPU
		{239F5DD9-3CB7-4549-AD3E-3D85FA9CF6B4}.Debug|Any CPU.ActiveCfg = Debug|Any CPU
		{239F5DD9-3CB7-4549-AD3E-3D85FA9CF6B4}.Debug|Any CPU.Build.0 = Debug|Any CPU
		{239F5DD9-3CB7-4549-AD3E-3D85FA9CF6B4}.Release|Any CPU.ActiveCfg = Release|Any CPU
		{239F5DD9-3CB7-4549-AD3E-3D85FA9CF6B4}.Release|Any CPU.Build.0 = Release|Any CPU
		{A81473BF-22E9-41E4-B808-F35C23DCB3A1}.Debug|Any CPU.ActiveCfg = Debug|Any CPU
		{A81473BF-22E9-41E4-B808-F35C23DCB3A1}.Debug|Any CPU.Build.0 = Debug|Any CPU
		{A81473BF-22E9-41E4-B808-F35C23DCB3A1}.Release|Any CPU.ActiveCfg = Release|Any CPU
		{A81473BF-22E9-41E4-B808-F35C23DCB3A1}.Release|Any CPU.Build.0 = Release|Any CPU
	EndGlobalSection
	GlobalSection(SolutionProperties) = preSolution
		HideSolutionNode = FALSE
	EndGlobalSection
	GlobalSection(ExtensibilityGlobals) = postSolution
		SolutionGuid = {2DBBA049-E526-4297-B8E5-29A0882361B0}
	EndGlobalSection
EndGlobal
